// !$*UTF8*$!
{
	archiveVersion = 1;
	classes = {
	};
	objectVersion = 46;
	objects = {

/* Begin PBXBuildFile section */
		BCFA6B471BF320AF005605DA /* main.m in Sources */ = {isa = PBXBuildFile; fileRef = BCFA6B461BF320AF005605DA /* main.m */; };
		BCFA6B4A1BF320AF005605DA /* AppDelegate.m in Sources */ = {isa = PBXBuildFile; fileRef = BCFA6B491BF320AF005605DA /* AppDelegate.m */; };
		BCFA6B4D1BF320AF005605DA /* ViewController.m in Sources */ = {isa = PBXBuildFile; fileRef = BCFA6B4C1BF320AF005605DA /* ViewController.m */; };
		BCFA6B501BF320B0005605DA /* Main.storyboard in Resources */ = {isa = PBXBuildFile; fileRef = BCFA6B4E1BF320AF005605DA /* Main.storyboard */; };
		BCFA6B521BF320B0005605DA /* Images.xcassets in Resources */ = {isa = PBXBuildFile; fileRef = BCFA6B511BF320B0005605DA /* Images.xcassets */; };
		BCFA6B551BF320B0005605DA /* LaunchScreen.xib in Resources */ = {isa = PBXBuildFile; fileRef = BCFA6B531BF320B0005605DA /* LaunchScreen.xib */; };
		BCFA6B611BF320B0005605DA /* GitDemoTests.m in Sources */ = {isa = PBXBuildFile; fileRef = BCFA6B601BF320B0005605DA /* GitDemoTests.m */; };
		BCFA6B6F1BF32A34005605DA /* TestView2.m in Sources */ = {isa = PBXBuildFile; fileRef = BCFA6B6E1BF32A34005605DA /* TestView2.m */; };
		BCFA6B6C1BF3294C005605DA /* TestView.m in Sources */ = {isa = PBXBuildFile; fileRef = BCFA6B6B1BF3294C005605DA /* TestView.m */; };
/* End PBXBuildFile section */

/* Begin PBXContainerItemProxy section */
		BCFA6B5B1BF320B0005605DA /* PBXContainerItemProxy */ = {
			isa = PBXContainerItemProxy;
			containerPortal = BCFA6B391BF320AF005605DA /* Project object */;
			proxyType = 1;
			remoteGlobalIDString = BCFA6B401BF320AF005605DA;
			remoteInfo = GitDemo;
		};
/* End PBXContainerItemProxy section */

/* Begin PBXFileReference section */
		BCFA6B411BF320AF005605DA /* GitDemo.app */ = {isa = PBXFileReference; explicitFileType = wrapper.application; includeInIndex = 0; path = GitDemo.app; sourceTree = BUILT_PRODUCTS_DIR; };
		BCFA6B451BF320AF005605DA /* Info.plist */ = {isa = PBXFileReference; lastKnownFileType = text.plist.xml; path = Info.plist; sourceTree = "<group>"; };
		BCFA6B461BF320AF005605DA /* main.m */ = {isa = PBXFileReference; lastKnownFileType = sourcecode.c.objc; path = main.m; sourceTree = "<group>"; };
		BCFA6B481BF320AF005605DA /* AppDelegate.h */ = {isa = PBXFileReference; lastKnownFileType = sourcecode.c.h; path = AppDelegate.h; sourceTree = "<group>"; };
		BCFA6B491BF320AF005605DA /* AppDelegate.m */ = {isa = PBXFileReference; lastKnownFileType = sourcecode.c.objc; path = AppDelegate.m; sourceTree = "<group>"; };
		BCFA6B4B1BF320AF005605DA /* ViewController.h */ = {isa = PBXFileReference; lastKnownFileType = sourcecode.c.h; path = ViewController.h; sourceTree = "<group>"; };
		BCFA6B4C1BF320AF005605DA /* ViewController.m */ = {isa = PBXFileReference; lastKnownFileType = sourcecode.c.objc; path = ViewController.m; sourceTree = "<group>"; };
		BCFA6B4F1BF320AF005605DA /* Base */ = {isa = PBXFileReference; lastKnownFileType = file.storyboard; name = Base; path = Base.lproj/Main.storyboard; sourceTree = "<group>"; };
		BCFA6B511BF320B0005605DA /* Images.xcassets */ = {isa = PBXFileReference; lastKnownFileType = folder.assetcatalog; path = Images.xcassets; sourceTree = "<group>"; };
		BCFA6B541BF320B0005605DA /* Base */ = {isa = PBXFileReference; lastKnownFileType = file.xib; name = Base; path = Base.lproj/LaunchScreen.xib; sourceTree = "<group>"; };
		BCFA6B5A1BF320B0005605DA /* GitDemoTests.xctest */ = {isa = PBXFileReference; explicitFileType = wrapper.cfbundle; includeInIndex = 0; path = GitDemoTests.xctest; sourceTree = BUILT_PRODUCTS_DIR; };
		BCFA6B5F1BF320B0005605DA /* Info.plist */ = {isa = PBXFileReference; lastKnownFileType = text.plist.xml; path = Info.plist; sourceTree = "<group>"; };
		BCFA6B601BF320B0005605DA /* GitDemoTests.m */ = {isa = PBXFileReference; lastKnownFileType = sourcecode.c.objc; path = GitDemoTests.m; sourceTree = "<group>"; };
		BCFA6B6D1BF32A34005605DA /* TestView2.h */ = {isa = PBXFileReference; fileEncoding = 4; lastKnownFileType = sourcecode.c.h; path = TestView2.h; sourceTree = "<group>"; };
		BCFA6B6E1BF32A34005605DA /* TestView2.m */ = {isa = PBXFileReference; fileEncoding = 4; lastKnownFileType = sourcecode.c.objc; path = TestView2.m; sourceTree = "<group>"; };
		BCFA6B6A1BF3294C005605DA /* TestView.h */ = {isa = PBXFileReference; fileEncoding = 4; lastKnownFileType = sourcecode.c.h; path = TestView.h; sourceTree = "<group>"; };
		BCFA6B6B1BF3294C005605DA /* TestView.m */ = {isa = PBXFileReference; fileEncoding = 4; lastKnownFileType = sourcecode.c.objc; path = TestView.m; sourceTree = "<group>"; };
/* End PBXFileReference section */

/* Begin PBXFrameworksBuildPhase section */
		BCFA6B3E1BF320AF005605DA /* Frameworks */ = {
			isa = PBXFrameworksBuildPhase;
			buildActionMask = 2147483647;
			files = (
			);
			runOnlyForDeploymentPostprocessing = 0;
		};
		BCFA6B571BF320B0005605DA /* Frameworks */ = {
			isa = PBXFrameworksBuildPhase;
			buildActionMask = 2147483647;
			files = (
			);
			runOnlyForDeploymentPostprocessing = 0;
		};
/* End PBXFrameworksBuildPhase section */

/* Begin PBXGroup section */
		BCFA6B381BF320AF005605DA = {
			isa = PBXGroup;
			children = (
				BCFA6B431BF320AF005605DA /* GitDemo */,
				BCFA6B5D1BF320B0005605DA /* GitDemoTests */,
				BCFA6B421BF320AF005605DA /* Products */,
			);
			sourceTree = "<group>";
		};
		BCFA6B421BF320AF005605DA /* Products */ = {
			isa = PBXGroup;
			children = (
				BCFA6B411BF320AF005605DA /* GitDemo.app */,
				BCFA6B5A1BF320B0005605DA /* GitDemoTests.xctest */,
			);
			name = Products;
			sourceTree = "<group>";
		};
		BCFA6B431BF320AF005605DA /* GitDemo */ = {
			isa = PBXGroup;
			children = (
				BCFA6B481BF320AF005605DA /* AppDelegate.h */,
				BCFA6B491BF320AF005605DA /* AppDelegate.m */,
				BCFA6B6A1BF3294C005605DA /* TestView.h */,
				BCFA6B6B1BF3294C005605DA /* TestView.m */,
				BCFA6B4B1BF320AF005605DA /* ViewController.h */,
				BCFA6B4C1BF320AF005605DA /* ViewController.m */,
				BCFA6B6D1BF32A34005605DA /* TestView2.h */,
				BCFA6B6E1BF32A34005605DA /* TestView2.m */,
				BCFA6B4E1BF320AF005605DA /* Main.storyboard */,
				BCFA6B511BF320B0005605DA /* Images.xcassets */,
				BCFA6B531BF320B0005605DA /* LaunchScreen.xib */,
				BCFA6B441BF320AF005605DA /* Supporting Files */,
			);
			path = GitDemo;
			sourceTree = "<group>";
		};
		BCFA6B441BF320AF005605DA /* Supporting Files */ = {
			isa = PBXGroup;
			children = (
				BCFA6B451BF320AF005605DA /* Info.plist */,
				BCFA6B461BF320AF005605DA /* main.m */,
			);
			name = "Supporting Files";
			sourceTree = "<group>";
		};
		BCFA6B5D1BF320B0005605DA /* GitDemoTests */ = {
			isa = PBXGroup;
			children = (
				BCFA6B601BF320B0005605DA /* GitDemoTests.m */,
				BCFA6B5E1BF320B0005605DA /* Supporting Files */,
			);
			path = GitDemoTests;
			sourceTree = "<group>";
		};
		BCFA6B5E1BF320B0005605DA /* Supporting Files */ = {
			isa = PBXGroup;
			children = (
				BCFA6B5F1BF320B0005605DA /* Info.plist */,
			);
			name = "Supporting Files";
			sourceTree = "<group>";
		};
/* End PBXGroup section */

/* Begin PBXNativeTarget section */
		BCFA6B401BF320AF005605DA /* GitDemo */ = {
			isa = PBXNativeTarget;
			buildConfigurationList = BCFA6B641BF320B0005605DA /* Build configuration list for PBXNativeTarget "GitDemo" */;
			buildPhases = (
				BCFA6B3D1BF320AF005605DA /* Sources */,
				BCFA6B3E1BF320AF005605DA /* Frameworks */,
				BCFA6B3F1BF320AF005605DA /* Resources */,
			);
			buildRules = (
			);
			dependencies = (
			);
			name = GitDemo;
			productName = GitDemo;
			productReference = BCFA6B411BF320AF005605DA /* GitDemo.app */;
			productType = "com.apple.product-type.application";
		};
		BCFA6B591BF320B0005605DA /* GitDemoTests */ = {
			isa = PBXNativeTarget;
			buildConfigurationList = BCFA6B671BF320B0005605DA /* Build configuration list for PBXNativeTarget "GitDemoTests" */;
			buildPhases = (
				BCFA6B561BF320B0005605DA /* Sources */,
				BCFA6B571BF320B0005605DA /* Frameworks */,
				BCFA6B581BF320B0005605DA /* Resources */,
			);
			buildRules = (
			);
			dependencies = (
				BCFA6B5C1BF320B0005605DA /* PBXTargetDependency */,
			);
			name = GitDemoTests;
			productName = GitDemoTests;
			productReference = BCFA6B5A1BF320B0005605DA /* GitDemoTests.xctest */;
			productType = "com.apple.product-type.bundle.unit-test";
		};
/* End PBXNativeTarget section */

/* Begin PBXProject section */
		BCFA6B391BF320AF005605DA /* Project object */ = {
			isa = PBXProject;
			attributes = {
				LastUpgradeCheck = 0640;
				ORGANIZATIONNAME = Yiqi.Yang;
				TargetAttributes = {
					BCFA6B401BF320AF005605DA = {
						CreatedOnToolsVersion = 6.4;
					};
					BCFA6B591BF320B0005605DA = {
						CreatedOnToolsVersion = 6.4;
						TestTargetID = BCFA6B401BF320AF005605DA;
					};
				};
			};
			buildConfigurationList = BCFA6B3C1BF320AF005605DA /* Build configuration list for PBXProject "GitDemo" */;
			compatibilityVersion = "Xcode 3.2";
			developmentRegion = English;
			hasScannedForEncodings = 0;
			knownRegions = (
				en,
				Base,
			);
			mainGroup = BCFA6B381BF320AF005605DA;
			productRefGroup = BCFA6B421BF320AF005605DA /* Products */;
			projectDirPath = "";
			projectRoot = "";
			targets = (
				BCFA6B401BF320AF005605DA /* GitDemo */,
				BCFA6B591BF320B0005605DA /* GitDemoTests */,
			);
		};
/* End PBXProject section */

/* Begin PBXResourcesBuildPhase section */
		BCFA6B3F1BF320AF005605DA /* Resources */ = {
			isa = PBXResourcesBuildPhase;
			buildActionMask = 2147483647;
			files = (
				BCFA6B501BF320B0005605DA /* Main.storyboard in Resources */,
				BCFA6B551BF320B0005605DA /* LaunchScreen.xib in Resources */,
				BCFA6B521BF320B0005605DA /* Images.xcassets in Resources */,
			);
			runOnlyForDeploymentPostprocessing = 0;
		};
		BCFA6B581BF320B0005605DA /* Resources */ = {
			isa = PBXResourcesBuildPhase;
			buildActionMask = 2147483647;
			files = (
			);
			runOnlyForDeploymentPostprocessing = 0;
		};
/* End PBXResourcesBuildPhase section */

/* Begin PBXSourcesBuildPhase section */
		BCFA6B3D1BF320AF005605DA /* Sources */ = {
			isa = PBXSourcesBuildPhase;
			buildActionMask = 2147483647;
			files = (
				BCFA6B6C1BF3294C005605DA /* TestView.m in Sources */,
				BCFA6B4D1BF320AF005605DA /* ViewController.m in Sources */,
				BCFA6B4A1BF320AF005605DA /* AppDelegate.m in Sources */,
				BCFA6B471BF320AF005605DA /* main.m in Sources */,
				BCFA6B6F1BF32A34005605DA /* TestView2.m in Sources */,
			);
			runOnlyForDeploymentPostprocessing = 0;
		};
		BCFA6B561BF320B0005605DA /* Sources */ = {
			isa = PBXSourcesBuildPhase;
			buildActionMask = 2147483647;
			files = (
				BCFA6B611BF320B0005605DA /* GitDemoTests.m in Sources */,
			);
			runOnlyForDeploymentPostprocessing = 0;
		};
/* End PBXSourcesBuildPhase section */

/* Begin PBXTargetDependency section */
		BCFA6B5C1BF320B0005605DA /* PBXTargetDependency */ = {
			isa = PBXTargetDependency;
			target = BCFA6B401BF320AF005605DA /* GitDemo */;
			targetProxy = BCFA6B5B1BF320B0005605DA /* PBXContainerItemProxy */;
		};
/* End PBXTargetDependency section */

/* Begin PBXVariantGroup section */
		BCFA6B4E1BF320AF005605DA /* Main.storyboard */ = {
			isa = PBXVariantGroup;
			children = (
				BCFA6B4F1BF320AF005605DA /* Base */,
			);
			name = Main.storyboard;
			sourceTree = "<group>";
		};
		BCFA6B531BF320B0005605DA /* LaunchScreen.xib */ = {
			isa = PBXVariantGroup;
			children = (
				BCFA6B541BF320B0005605DA /* Base */,
			);
			name = LaunchScreen.xib;
			sourceTree = "<group>";
		};
/* End PBXVariantGroup section */

/* Begin XCBuildConfiguration section */
		BCFA6B621BF320B0005605DA /* Debug */ = {
			isa = XCBuildConfiguration;
			buildSettings = {
				ALWAYS_SEARCH_USER_PATHS = NO;
				CLANG_CXX_LANGUAGE_STANDARD = "gnu++0x";
				CLANG_CXX_LIBRARY = "libc++";
				CLANG_ENABLE_MODULES = YES;
				CLANG_ENABLE_OBJC_ARC = YES;
				CLANG_WARN_BOOL_CONVERSION = YES;
				CLANG_WARN_CONSTANT_CONVERSION = YES;
				CLANG_WARN_DIRECT_OBJC_ISA_USAGE = YES_ERROR;
				CLANG_WARN_EMPTY_BODY = YES;
				CLANG_WARN_ENUM_CONVERSION = YES;
				CLANG_WARN_INT_CONVERSION = YES;
				CLANG_WARN_OBJC_ROOT_CLASS = YES_ERROR;
				CLANG_WARN_UNREACHABLE_CODE = YES;
				CLANG_WARN__DUPLICATE_METHOD_MATCH = YES;
				"CODE_SIGN_IDENTITY[sdk=iphoneos*]" = "iPhone Developer";
				COPY_PHASE_STRIP = NO;
				DEBUG_INFORMATION_FORMAT = "dwarf-with-dsym";
				ENABLE_STRICT_OBJC_MSGSEND = YES;
				GCC_C_LANGUAGE_STANDARD = gnu99;
				GCC_DYNAMIC_NO_PIC = NO;
				GCC_NO_COMMON_BLOCKS = YES;
				GCC_OPTIMIZATION_LEVEL = 0;
				GCC_PREPROCESSOR_DEFINITIONS = (
					"DEBUG=1",
					"$(inherited)",
				);
				GCC_SYMBOLS_PRIVATE_EXTERN = NO;
				GCC_WARN_64_TO_32_BIT_CONVERSION = YES;
				GCC_WARN_ABOUT_RETURN_TYPE = YES_ERROR;
				GCC_WARN_UNDECLARED_SELECTOR = YES;
				GCC_WARN_UNINITIALIZED_AUTOS = YES_AGGRESSIVE;
				GCC_WARN_UNUSED_FUNCTION = YES;
				GCC_WARN_UNUSED_VARIABLE = YES;
				IPHONEOS_DEPLOYMENT_TARGET = 8.4;
				MTL_ENABLE_DEBUG_INFO = YES;
				ONLY_ACTIVE_ARCH = YES;
				SDKROOT = iphoneos;
			};
			name = Debug;
		};
		BCFA6B631BF320B0005605DA /* Release */ = {
			isa = XCBuildConfiguration;
			buildSettings = {
				ALWAYS_SEARCH_USER_PATHS = NO;
				CLANG_CXX_LANGUAGE_STANDARD = "gnu++0x";
				CLANG_CXX_LIBRARY = "libc++";
				CLANG_ENABLE_MODULES = YES;
				CLANG_ENABLE_OBJC_ARC = YES;
				CLANG_WARN_BOOL_CONVERSION = YES;
				CLANG_WARN_CONSTANT_CONVERSION = YES;
				CLANG_WARN_DIRECT_OBJC_ISA_USAGE = YES_ERROR;
				CLANG_WARN_EMPTY_BODY = YES;
				CLANG_WARN_ENUM_CONVERSION = YES;
				CLANG_WARN_INT_CONVERSION = YES;
				CLANG_WARN_OBJC_ROOT_CLASS = YES_ERROR;
				CLANG_WARN_UNREACHABLE_CODE = YES;
				CLANG_WARN__DUPLICATE_METHOD_MATCH = YES;
				"CODE_SIGN_IDENTITY[sdk=iphoneos*]" = "iPhone Developer";
				COPY_PHASE_STRIP = NO;
				DEBUG_INFORMATION_FORMAT = "dwarf-with-dsym";
				ENABLE_NS_ASSERTIONS = NO;
				ENABLE_STRICT_OBJC_MSGSEND = YES;
				GCC_C_LANGUAGE_STANDARD = gnu99;
				GCC_NO_COMMON_BLOCKS = YES;
				GCC_WARN_64_TO_32_BIT_CONVERSION = YES;
				GCC_WARN_ABOUT_RETURN_TYPE = YES_ERROR;
				GCC_WARN_UNDECLARED_SELECTOR = YES;
				GCC_WARN_UNINITIALIZED_AUTOS = YES_AGGRESSIVE;
				GCC_WARN_UNUSED_FUNCTION = YES;
				GCC_WARN_UNUSED_VARIABLE = YES;
				IPHONEOS_DEPLOYMENT_TARGET = 8.4;
				MTL_ENABLE_DEBUG_INFO = NO;
				SDKROOT = iphoneos;
				VALIDATE_PRODUCT = YES;
			};
			name = Release;
		};
		BCFA6B651BF320B0005605DA /* Debug */ = {
			isa = XCBuildConfiguration;
			buildSettings = {
				ASSETCATALOG_COMPILER_APPICON_NAME = AppIcon;
				INFOPLIST_FILE = GitDemo/Info.plist;
				LD_RUNPATH_SEARCH_PATHS = "$(inherited) @executable_path/Frameworks";
				PRODUCT_NAME = "$(TARGET_NAME)";
			};
			name = Debug;
		};
		BCFA6B661BF320B0005605DA /* Release */ = {
			isa = XCBuildConfiguration;
			buildSettings = {
				ASSETCATALOG_COMPILER_APPICON_NAME = AppIcon;
				INFOPLIST_FILE = GitDemo/Info.plist;
				LD_RUNPATH_SEARCH_PATHS = "$(inherited) @executable_path/Frameworks";
				PRODUCT_NAME = "$(TARGET_NAME)";
			};
			name = Release;
		};
		BCFA6B681BF320B0005605DA /* Debug */ = {
			isa = XCBuildConfiguration;
			buildSettings = {
				BUNDLE_LOADER = "$(TEST_HOST)";
				FRAMEWORK_SEARCH_PATHS = (
					"$(SDKROOT)/Developer/Library/Frameworks",
					"$(inherited)",
				);
				GCC_PREPROCESSOR_DEFINITIONS = (
					"DEBUG=1",
					"$(inherited)",
				);
				INFOPLIST_FILE = GitDemoTests/Info.plist;
				LD_RUNPATH_SEARCH_PATHS = "$(inherited) @executable_path/Frameworks @loader_path/Frameworks";
				PRODUCT_NAME = "$(TARGET_NAME)";
				TEST_HOST = "$(BUILT_PRODUCTS_DIR)/GitDemo.app/GitDemo";
			};
			name = Debug;
		};
		BCFA6B691BF320B0005605DA /* Release */ = {
			isa = XCBuildConfiguration;
			buildSettings = {
				BUNDLE_LOADER = "$(TEST_HOST)";
				FRAMEWORK_SEARCH_PATHS = (
					"$(SDKROOT)/Developer/Library/Frameworks",
					"$(inherited)",
				);
				INFOPLIST_FILE = GitDemoTests/Info.plist;
				LD_RUNPATH_SEARCH_PATHS = "$(inherited) @executable_path/Frameworks @loader_path/Frameworks";
				PRODUCT_NAME = "$(TARGET_NAME)";
				TEST_HOST = "$(BUILT_PRODUCTS_DIR)/GitDemo.app/GitDemo";
			};
			name = Release;
		};
/* End XCBuildConfiguration section */

/* Begin XCConfigurationList section */
		BCFA6B3C1BF320AF005605DA /* Build configuration list for PBXProject "GitDemo" */ = {
			isa = XCConfigurationList;
			buildConfigurations = (
				BCFA6B621BF320B0005605DA /* Debug */,
				BCFA6B631BF320B0005605DA /* Release */,
			);
			defaultConfigurationIsVisible = 0;
			defaultConfigurationName = Release;
		};
		BCFA6B641BF320B0005605DA /* Build configuration list for PBXNativeTarget "GitDemo" */ = {
			isa = XCConfigurationList;
			buildConfigurations = (
				BCFA6B651BF320B0005605DA /* Debug */,
				BCFA6B661BF320B0005605DA /* Release */,
			);
			defaultConfigurationIsVisible = 0;
			defaultConfigurationName = Release;
		};
		BCFA6B671BF320B0005605DA /* Build configuration list for PBXNativeTarget "GitDemoTests" */ = {
			isa = XCConfigurationList;
			buildConfigurations = (
				BCFA6B681BF320B0005605DA /* Debug */,
				BCFA6B691BF320B0005605DA /* Release */,
			);
			defaultConfigurationIsVisible = 0;
			defaultConfigurationName = Release;
		};
/* End XCConfigurationList section */
	};
	rootObject = BCFA6B391BF320AF005605DA /* Project object */;
}
